
Microsoft Visual Studio Solution File, Format Version 12.00
# Visual Studio Version 16
VisualStudioVersion = 16.0.28803.352
MinimumVisualStudioVersion = 10.0.40219.1
Project("{FAE04EC0-301F-11D3-BF4B-00C04F79EFBC}") = "VideoTrimmer", "VideoTrimmer.csproj", "{4DD4DD97-B879-4448-A236-91FBC46E8758}"
EndProject
Global
	GlobalSection(SolutionConfigurationPlatforms) = preSolution
		Debug|Any CPU = Debug|Any CPU
		Release|Any CPU = Release|Any CPU
	EndGlobalSection
	GlobalSection(ProjectConfigurationPlatforms) = postSolution
		{4DD4DD97-B879-4448-A236-91FBC46E8758}.Debug|Any CPU.ActiveCfg = Debug|Any CPU
		{4DD4DD97-B879-4448-A236-91FBC46E8758}.Debug|Any CPU.Build.0 = Debug|Any CPU
		{4DD4DD97-B879-4448-A236-91FBC46E8758}.Release|Any CPU.ActiveCfg = Release|Any CPU
		{4DD4DD97-B879-4448-A236-91FBC46E8758}.Release|Any CPU.Build.0 = Release|Any CPU
	EndGlobalSection
	GlobalSection(SolutionProperties) = preSolution
		HideSolutionNode = FALSE
	EndGlobalSection
	GlobalSection(ExtensibilityGlobals) = postSolution
		SolutionGuid = {27B45D09-7491-4273-B559-A990C93FE447}
	EndGlobalSection
EndGlobal
